{
  "projects": [
    {
      "projectId": "caTPwKxj5ZrD9LQ7DMdK4Z",
      "version": "3.22.0",
      "dependencies": {},
      "lang": "ts",
      "fileLocks": [
        {
          "assetId": "caTPwKxj5ZrD9LQ7DMdK4Z",
          "type": "projectCss",
          "checksum": "e1ec850476829c38b0f9b6d4f7ac446a"
        }
      ],
      "codegenVersion": "0.0.1"
    },
    {
      "projectId": "szjgMQpPpxhmkjnaBvZQJG",
      "version": "2.18.0",
      "dependencies": {},
      "lang": "ts",
      "fileLocks": [
        {
          "assetId": "szjgMQpPpxhmkjnaBvZQJG",
          "type": "projectCss",
          "checksum": "29b90e78e5c36e5dc978e0c572d9fc75"
        }
      ],
      "codegenVersion": "0.0.1"
    },
    {
      "projectId": "58GpZjZCWTaJ8AUhpCwt2K",
      "version": "3.18.0",
      "dependencies": {},
      "lang": "ts",
      "fileLocks": [
        {
          "assetId": "58GpZjZCWTaJ8AUhpCwt2K",
          "type": "projectCss",
          "checksum": "fd84921cc10936e6ceb458c2ae01c4bd"
        }
      ],
      "codegenVersion": "0.0.1"
    },
    {
      "projectId": "itBdcjth19Wasd6ngAYxWR",
      "version": "1.18.0",
      "dependencies": {},
      "lang": "ts",
      "fileLocks": [
        {
          "assetId": "itBdcjth19Wasd6ngAYxWR",
          "type": "projectCss",
          "checksum": "6ce788a9e106659487c03ae968b965c3"
        }
      ],
      "codegenVersion": "0.0.1"
    },
    {
      "projectId": "nazLgTEW7V6FTXLkGvtboX",
      "version": "latest",
      "dependencies": {
        "itBdcjth19Wasd6ngAYxWR": "1.18.0",
        "58GpZjZCWTaJ8AUhpCwt2K": "3.18.0",
        "szjgMQpPpxhmkjnaBvZQJG": "2.18.0",
        "caTPwKxj5ZrD9LQ7DMdK4Z": "3.22.0",
        "r3ASNrnyvLLLAtDvzUioQ": "3.18.0"
      },
      "lang": "ts",
      "fileLocks": [
        {
          "type": "globalVariant",
          "assetId": "__zpgDFsEUbio",
          "checksum": "bc5f5f54a8458fa07d439125ca4e30ed"
        },
        {
          "type": "renderModule",
          "assetId": "riKg8GIR57uE",
          "checksum": "b8967a50f6b420e4185a440593b83cb6"
        },
        {
          "type": "cssRules",
          "assetId": "riKg8GIR57uE",
          "checksum": "b8967a50f6b420e4185a440593b83cb6"
        },
        {
          "type": "renderModule",
          "assetId": "mY87X3S2UUL",
          "checksum": "b7e163f6d7f7afeb9935aeb2d46ecf1e"
        },
        {
          "type": "cssRules",
          "assetId": "mY87X3S2UUL",
          "checksum": "b7e163f6d7f7afeb9935aeb2d46ecf1e"
        },
        {
          "type": "renderModule",
          "assetId": "GMeueXNIKkV",
          "checksum": "f3c87e6e02bfb508077c7d01eda493d0"
        },
        {
          "type": "cssRules",
          "assetId": "GMeueXNIKkV",
          "checksum": "f3c87e6e02bfb508077c7d01eda493d0"
        },
        {
          "type": "renderModule",
          "assetId": "W5L3j2c_1JJ",
          "checksum": "527cb6d5929785e9086a04e53a2fec9b"
        },
        {
          "type": "cssRules",
          "assetId": "W5L3j2c_1JJ",
          "checksum": "527cb6d5929785e9086a04e53a2fec9b"
        },
        {
          "type": "renderModule",
          "assetId": "7gGZxN9wXqQ",
          "checksum": "82005d214f725b3fe1355fa350b3f5f1"
        },
        {
          "type": "cssRules",
          "assetId": "7gGZxN9wXqQ",
          "checksum": "82005d214f725b3fe1355fa350b3f5f1"
        },
        {
          "type": "renderModule",
          "assetId": "m2EsWeirD3y",
          "checksum": "56452899faac6175a7696e28fb5bb5ed"
        },
        {
          "type": "cssRules",
          "assetId": "m2EsWeirD3y",
          "checksum": "56452899faac6175a7696e28fb5bb5ed"
        },
        {
          "type": "icon",
          "assetId": "-8WdXkfhmn7",
          "checksum": "4123ca3c7bcd0f8a7141d7dca776eae9"
        },
        {
          "type": "icon",
          "assetId": "gCQki7ZDykM",
          "checksum": "0d096c4ca5043e16c9d550946e8b204c"
        },
        {
          "type": "icon",
          "assetId": "20vkZ39fVK",
          "checksum": "1250eb2cbfe0a352eab75615cb34e5dd"
        },
        {
          "type": "icon",
          "assetId": "FPnuh-tu2Q",
          "checksum": "f56deea58d956968189c8c5c37b70491"
        },
        {
          "type": "icon",
          "assetId": "Qo66sI-Pef",
          "checksum": "30f1336271183aa794a7fa06d192af85"
        },
        {
          "type": "icon",
          "assetId": "1x1GOS4HV3",
          "checksum": "b0aef5546e9764decd7cccec38e5d2f7"
        },
        {
          "type": "icon",
          "assetId": "cIibErcHe4",
          "checksum": "9c7cced65399e6927efc28ae8229b563"
        },
        {
          "type": "icon",
          "assetId": "6DJUZbx4tI",
          "checksum": "ff99da6c3f307ef714c736901b0730f7"
        },
        {
          "type": "icon",
          "assetId": "2IVwYszBQg",
          "checksum": "90861bdee589795b1675141af90e95f5"
        },
        {
          "type": "image",
          "assetId": "qI6Obta8rrM",
          "checksum": "1f4586b506839eac63a6e0a281fa9c56"
        },
        {
          "type": "image",
          "assetId": "H7OS651WT",
          "checksum": "4bc52eb90f04c2aceaf65d089bf85819"
        },
        {
          "type": "image",
          "assetId": "WfeGEHHLm",
          "checksum": "afdb485fe7cfb996c0e58e12a5142d76"
        },
        {
          "type": "image",
          "assetId": "ABW7F4_Vt",
          "checksum": "99208e98566f3ae4bead96764ca06807"
        },
        {
          "type": "image",
          "assetId": "JJCyTGRD8",
          "checksum": "e35862ee83beb6f5b06df62a55cd97ac"
        },
        {
          "type": "image",
          "assetId": "-nHKL4AZc",
          "checksum": "5a9cf34931bbf9b76a01e1f8d8bab4c3"
        },
        {
          "type": "image",
          "assetId": "v17IyOkud",
          "checksum": "36439d24be21f95cff9fc2603956ce1e"
        },
        {
          "type": "image",
          "assetId": "JNDky06MK",
          "checksum": "649ea0da7149dcc5188c4b549b5b4873"
        },
        {
          "type": "image",
          "assetId": "bgMaFhZel",
          "checksum": "d245d71af3d88ed0137718e7f93bfac9"
        },
        {
          "type": "image",
          "assetId": "NlZ31EnCW",
          "checksum": "d7d2ab9491117229e4d0f35fd9f3f943"
        },
        {
          "type": "image",
          "assetId": "Rr0d75IE8",
          "checksum": "0db98b2c247620558a47e132b05a5c14"
        },
        {
          "type": "image",
          "assetId": "F8Vfr8F9e",
          "checksum": "808c629f21df884dba21d996afe2d659"
        },
        {
          "type": "image",
          "assetId": "J_sVL3GAP",
          "checksum": "f1111956f90070db2932187234e75b24"
        },
        {
          "type": "image",
          "assetId": "W-bKfqjwS",
          "checksum": "9f9e0a0cd1ab8a27695ebcd4cfbfa526"
        },
        {
          "type": "image",
          "assetId": "uJYGVngdO",
          "checksum": "367449854eb31ff793f48537c2e91408"
        },
        {
          "type": "image",
          "assetId": "tYPKFrt6B",
          "checksum": "dd17a9088702d9e6e6c5ca1143cf3633"
        },
        {
          "type": "image",
          "assetId": "mCAi9JsRq",
          "checksum": "fcdb77f4c0649719fd555b81cffc8ca0"
        },
        {
          "type": "image",
          "assetId": "yItoIp7uj",
          "checksum": "10aace879a871b6064f27937f735dcc6"
        },
        {
          "type": "image",
          "assetId": "B_iCN18sO",
          "checksum": "75c256e3a8d586b7817f4152412e8fab"
        },
        {
          "type": "image",
          "assetId": "z8S5XnRra",
          "checksum": "673a2ec855d9b5bb6c208804e450767c"
        },
        {
          "type": "image",
          "assetId": "bKobFscM7",
          "checksum": "6db7feb2e9d3855a418f264832b80aab"
        },
        {
          "type": "image",
          "assetId": "dG8cnXPME",
          "checksum": "9c50096c0adcdb7a4563217ca92331b0"
        },
        {
          "type": "image",
          "assetId": "WV_J9HaJS",
          "checksum": "8ad7df16e9ac439e8790c1ce69c8cea9"
        },
        {
          "type": "image",
          "assetId": "b6sjc2HBD",
          "checksum": "c7b151d25fa38e6f3663d1a7b87998c3"
        },
        {
          "type": "image",
          "assetId": "ZstoeT1qu",
          "checksum": "0562c44f7e4be6e87d1312a2a52ac9f6"
        },
        {
          "type": "renderModule",
          "assetId": "jM_qgBDxgy",
          "checksum": "c40726f504e7c49ad280210289f99fa1"
        },
        {
          "type": "cssRules",
          "assetId": "jM_qgBDxgy",
          "checksum": "c40726f504e7c49ad280210289f99fa1"
        },
        {
          "type": "image",
          "assetId": "DbsIErfH1",
          "checksum": "a23ec1f9478c4c799ad7d762fdc6e809"
        },
        {
          "type": "renderModule",
          "assetId": "NhlkZfQForq",
          "checksum": "2a8e0f39af7aeab2da49e9c12e381a4f"
        },
        {
          "type": "cssRules",
          "assetId": "NhlkZfQForq",
          "checksum": "2a8e0f39af7aeab2da49e9c12e381a4f"
        },
        {
          "type": "renderModule",
          "assetId": "CIy-AvfP5yL",
          "checksum": "9404b35df96f67a9938035c31dd6da17"
        },
        {
          "type": "cssRules",
          "assetId": "CIy-AvfP5yL",
          "checksum": "9404b35df96f67a9938035c31dd6da17"
        },
        {
          "type": "icon",
          "assetId": "ZZun63J8of",
          "checksum": "61e8ef4848f9edcc861017a4860c7c91"
        },
        {
          "type": "image",
          "assetId": "KoEVg2s4X",
          "checksum": "4a7f599148c0ce4a98ebaa84489a54aa"
        },
        {
          "type": "image",
          "assetId": "_ut7RGKID",
          "checksum": "50e63101ece24b203f167491bd0b5308"
        },
        {
          "type": "image",
          "assetId": "KmIAH_1CT",
          "checksum": "2c2cd2f0c1c26d8038b32c05f7b5631c"
        },
        {
          "type": "image",
          "assetId": "C27WoP1nF",
          "checksum": "d0de8bf0ae5ba06857988f2eb6c1a3a4"
        },
        {
          "type": "image",
          "assetId": "ym-IOx4KH",
          "checksum": "8749db10fc684f2eb61c3795ad01e0db"
        },
        {
          "type": "image",
          "assetId": "ABSApAn6c",
          "checksum": "a3545042e54ac7a5b2fb4fe883c63b25"
        },
        {
          "type": "image",
          "assetId": "aDXGu3jQe",
          "checksum": "9aa21bdeead6833a2607a46b812f653a"
        },
        {
          "type": "renderModule",
          "assetId": "vzfMdSUs_S",
          "checksum": "7cf969aed3914e443e9a1f9e04a6e5f6"
        },
        {
          "type": "cssRules",
          "assetId": "vzfMdSUs_S",
          "checksum": "7cf969aed3914e443e9a1f9e04a6e5f6"
        },
        {
          "assetId": "nazLgTEW7V6FTXLkGvtboX",
          "type": "projectCss",
          "checksum": "518b82823adf2ceb6d478ce0f20b444a"
        }
      ],
      "codegenVersion": "0.0.1"
    },
    {
      "projectId": "r3ASNrnyvLLLAtDvzUioQ",
      "version": "3.18.0",
      "dependencies": {},
      "lang": "ts",
      "fileLocks": [
        {
          "assetId": "r3ASNrnyvLLLAtDvzUioQ",
          "type": "projectCss",
          "checksum": "97ec772be5160e37b26814fd84fdccb9"
        }
      ],
      "codegenVersion": "0.0.1"
    }
  ],
  "cliVersion": "0.1.190"
}
